# THIS IS AN AUTOGENERATED FILE. DO NOT EDIT THIS FILE DIRECTLY.
# yarn lockfile v1


"@cspotcode/source-map-support@^0.8.0":
  version "0.8.1"
  resolved "https://registry.yarnpkg.com/@cspotcode/source-map-support/-/source-map-support-0.8.1.tgz#00629c35a688e05a88b1cda684fb9d5e73f000a1"
  integrity sha512-IchNf6dN4tHoMFIn/7OE8LWZ19Y6q/67Bmf6vnGREv8RSbBVb9LPJxEcnwrcwX6ixSvaiGoomAUvu4YSxXrVgw==
  dependencies:
    "@jridgewell/trace-mapping" "0.3.9"

"@jridgewell/resolve-uri@^3.0.3":
  version "3.1.0"
  resolved "https://registry.yarnpkg.com/@jridgewell/resolve-uri/-/resolve-uri-3.1.0.tgz#2203b118c157721addfe69d47b70465463066d78"
  integrity sha512-F2msla3tad+Mfht5cJq7LSXcdudKTWCVYUgw6pLFOOHSTtZlj6SWNYAp+AhuqLmWdBO2X5hPrLcu8cVP8fy28w==

"@jridgewell/sourcemap-codec@^1.4.10":
  version "1.4.14"
  resolved "https://registry.yarnpkg.com/@jridgewell/sourcemap-codec/-/sourcemap-codec-1.4.14.tgz#add4c98d341472a289190b424efbdb096991bb24"
  integrity sha512-XPSJHWmi394fuUuzDnGz1wiKqWfo1yXecHQMRf2l6hztTO+nPru658AyDngaBe7isIxEkRsPR3FZh+s7iVa4Uw==

"@jridgewell/trace-mapping@0.3.9":
  version "0.3.9"
  resolved "https://registry.yarnpkg.com/@jridgewell/trace-mapping/-/trace-mapping-0.3.9.tgz#6534fd5933a53ba7cbf3a17615e273a0d1273ff9"
  integrity sha512-3Belt6tdc8bPgAtbcmdtNJlirVoTmEb5e2gC94PnkwEW9jI6CAHUeoG85tjWP5WquqfavoMtMwiG4P926ZKKuQ==
  dependencies:
    "@jridgewell/resolve-uri" "^3.0.3"
    "@jridgewell/sourcemap-codec" "^1.4.10"

"@prisma/client@^4.11.0":
  version "4.11.0"
  resolved "https://registry.yarnpkg.com/@prisma/client/-/client-4.11.0.tgz#41d5664dea4172c954190a432f70b86d3e2e629b"
  integrity sha512-0INHYkQIqgAjrt7NzhYpeDQi8x3Nvylc2uDngKyFDDj1tTRQ4uV1HnVmd1sQEraeVAN63SOK0dgCKQHlvjL0KA==
  dependencies:
    "@prisma/engines-version" "4.11.0-57.8fde8fef4033376662cad983758335009d522acb"

"@prisma/engines-version@4.11.0-57.8fde8fef4033376662cad983758335009d522acb":
  version "4.11.0-57.8fde8fef4033376662cad983758335009d522acb"
  resolved "https://registry.yarnpkg.com/@prisma/engines-version/-/engines-version-4.11.0-57.8fde8fef4033376662cad983758335009d522acb.tgz#74af5ff56170c78e93ce46c56510160f58cd3c01"
  integrity sha512-3Vd8Qq06d5xD8Ch5WauWcUUrsVPdMC6Ge8ILji8RFfyhUpqon6qSyGM0apvr1O8n8qH8cKkEFqRPsYjuz5r83g==

"@prisma/engines@4.11.0":
  version "4.11.0"
  resolved "https://registry.yarnpkg.com/@prisma/engines/-/engines-4.11.0.tgz#c99749bfe20f58e8f4d2b5e04fee0785eba440e1"
  integrity sha512-0AEBi2HXGV02cf6ASsBPhfsVIbVSDC9nbQed4iiY5eHttW9ZtMxHThuKZE1pnESbr8HRdgmFSa/Kn4OSNYuibg==

"@tsconfig/node10@^1.0.7":
  version "1.0.9"
  resolved "https://registry.yarnpkg.com/@tsconfig/node10/-/node10-1.0.9.tgz#df4907fc07a886922637b15e02d4cebc4c0021b2"
  integrity sha512-jNsYVVxU8v5g43Erja32laIDHXeoNvFEpX33OK4d6hljo3jDhCBDhx5dhCCTMWUojscpAagGiRkBKxpdl9fxqA==

"@tsconfig/node12@^1.0.7":
  version "1.0.11"
  resolved "https://registry.yarnpkg.com/@tsconfig/node12/-/node12-1.0.11.tgz#ee3def1f27d9ed66dac6e46a295cffb0152e058d"
  integrity sha512-cqefuRsh12pWyGsIoBKJA9luFu3mRxCA+ORZvA4ktLSzIuCUtWVxGIuXigEwO5/ywWFMZ2QEGKWvkZG1zDMTag==

"@tsconfig/node14@^1.0.0":
  version "1.0.3"
  resolved "https://registry.yarnpkg.com/@tsconfig/node14/-/node14-1.0.3.tgz#e4386316284f00b98435bf40f72f75a09dabf6c1"
  integrity sha512-ysT8mhdixWK6Hw3i1V2AeRqZ5WfXg1G43mqoYlM2nc6388Fq5jcXyr5mRsqViLx/GJYdoL0bfXD8nmF+Zn/Iow==

"@tsconfig/node16@^1.0.2":
  version "1.0.3"
  resolved "https://registry.yarnpkg.com/@tsconfig/node16/-/node16-1.0.3.tgz#472eaab5f15c1ffdd7f8628bd4c4f753995ec79e"
  integrity sha512-yOlFc+7UtL/89t2ZhjPvvB/DeAr3r+Dq58IgzsFkOAvVC6NMJXmCGjbptdXdR9qsX7pKcTL+s87FtYREi2dEEQ==

acorn-walk@^8.1.1:
  version "8.2.0"
  resolved "https://registry.yarnpkg.com/acorn-walk/-/acorn-walk-8.2.0.tgz#741210f2e2426454508853a2f44d0ab83b7f69c1"
  integrity sha512-k+iyHEuPgSw6SbuDpGQM+06HQUa04DZ3o+F6CSzXMvvI5KMvnaEqXe+YVe555R9nn6GPt404fos4wcgpw12SDA==

acorn@^8.4.1:
  version "8.8.2"
  resolved "https://registry.yarnpkg.com/acorn/-/acorn-8.8.2.tgz#1b2f25db02af965399b9776b0c2c391276d37c4a"
  integrity sha512-xjIYgE8HBrkpd/sJqOGNspf8uHG+NOHGOw6a/Urj8taM2EXfdNAH2oFcPeIFfsv3+kz/mJrS5VuMqbNLjCa2vw==

arg@^4.1.0:
  version "4.1.3"
  resolved "https://registry.yarnpkg.com/arg/-/arg-4.1.3.tgz#269fc7ad5b8e42cb63c896d5666017261c144089"
  integrity sha512-58S9QDqG0Xx27YwPSt9fJxivjYl432YCwfDMfZ+71RAqUrZef7LrKQZ3LHLOwCS4FLNBplP533Zx895SeOCHvA==

clamp@^1.0.1:
  version "1.0.1"
  resolved "https://registry.yarnpkg.com/clamp/-/clamp-1.0.1.tgz#66a0e64011816e37196828fdc8c8c147312c8634"
  integrity sha512-kgMuFyE78OC6Dyu3Dy7vcx4uy97EIbVxJB/B0eJ3bUNAkwdNcxYzgKltnyADiYwsR7SEqkkUPsEUT//OVS6XMA==

create-require@^1.1.0:
  version "1.1.1"
  resolved "https://registry.yarnpkg.com/create-require/-/create-require-1.1.1.tgz#c1d7e8f1e5f6cfc9ff65f9cd352d37348756c333"
  integrity sha512-dcKFX3jn0MpIaXjisoRvexIJVEKzaq7z2rZKxf+MSr9TkdmHmsU4m2lcLojrj/FHl8mk5VxMmYA+ftRkP/3oKQ==

diff@^4.0.1:
  version "4.0.2"
  resolved "https://registry.yarnpkg.com/diff/-/diff-4.0.2.tgz#60f3aecb89d5fae520c11aa19efc2bb982aade7d"
  integrity sha512-58lmxKSA4BNyLz+HHMUzlOEpg09FV+ev6ZMe3vJihgdxzgcwZ8VoEEPmALCZG9LmqfVoNMMKpttIYTVG6uDY7A==

has-symbols@^1.0.2:
  version "1.0.3"
  resolved "https://registry.yarnpkg.com/has-symbols/-/has-symbols-1.0.3.tgz#bb7b2c4349251dce87b125f7bdf874aa7c8b39f8"
  integrity sha512-l3LCuF6MgDNwTDKkdYGEihYjt5pRPbEg46rtlmnSPlUbgmB8LOIrKJbYYFBSbnPaJexMKtiPO8hmeRjRz2Td+A==

is-array-like@^1.1.0:
  version "1.1.2"
  resolved "https://registry.yarnpkg.com/is-array-like/-/is-array-like-1.1.2.tgz#7f280aa777f53eb31f74e1dcd3e040923186c205"
  integrity sha512-ENI9ZKpn3AXM4JiWKZ31cgwl0Dc3Mj7HCLCq60qngozG7EFRDNCMiCAURaD5wwRnehkP63Ge6Z7hoIg23OMzMw==
  dependencies:
    is-array "^1.0.1"
    is-function "^1.0.1"
    is-window "^1.0.1"

is-array@^1.0.1:
  version "1.0.1"
  resolved "https://registry.yarnpkg.com/is-array/-/is-array-1.0.1.tgz#e9850cc2cc860c3bc0977e84ccf0dd464584279a"
  integrity sha512-gxiZ+y/u67AzpeFmAmo4CbtME/bs7J2C++su5zQzvQyaxUqVzkh69DI+jN+KZuSO6JaH6TIIU6M6LhqxMjxEpw==

is-function@^1.0.1:
  version "1.0.2"
  resolved "https://registry.yarnpkg.com/is-function/-/is-function-1.0.2.tgz#4f097f30abf6efadac9833b17ca5dc03f8144e08"
  integrity sha512-lw7DUp0aWXYg+CBCN+JKkcE0Q2RayZnSvnZBlwgxHBQhqt5pZNVy4Ri7H9GmmXkdu7LUthszM+Tor1u/2iBcpQ==

is-nil@^1.0.0, is-nil@^1.0.1:
  version "1.0.1"
  resolved "https://registry.yarnpkg.com/is-nil/-/is-nil-1.0.1.tgz#2daba29e0b585063875e7b539d071f5b15937969"
  integrity sha512-m2Rm8PhUFDNNhgvwZJjJG74a9h5CHU0fkA8WT+WGlCjyEbZ2jPwgb+ZxHu4np284EqNVyOsgppReK4qy/TwEwg==

is-object@^1.0.1:
  version "1.0.2"
  resolved "https://registry.yarnpkg.com/is-object/-/is-object-1.0.2.tgz#a56552e1c665c9e950b4a025461da87e72f86fcf"
  integrity sha512-2rRIahhZr2UWb45fIOuvZGpFtz0TyOZLf32KxBbSoUCeZR495zCKlWUKKUByk3geS2eAs7ZAABt0Y/Rx0GiQGA==

is-symbol@^1.0.1:
  version "1.0.4"
  resolved "https://registry.yarnpkg.com/is-symbol/-/is-symbol-1.0.4.tgz#a6dac93b635b063ca6872236de88910a57af139c"
  integrity sha512-C/CPBqKWnvdcxqIARxyOh4v1UUEOCHpgDa0WYgpKDFMszcrPcffg5uhwSgPCLD2WWxmq6isisz87tzT01tuGhg==
  dependencies:
    has-symbols "^1.0.2"

is-window@^1.0.1:
  version "1.0.2"
  resolved "https://registry.yarnpkg.com/is-window/-/is-window-1.0.2.tgz#2c896ca53db97de45d3c33133a65d8c9f563480d"
  integrity sha512-uj00kdXyZb9t9RcAUAwMZAnkBUwdYGhYlt7djMXhfyhUCzwNba50tIiBKR7q0l7tdoBtFVw/3JmLY6fI3rmZmg==

json5@^2.2.2:
  version "2.2.3"
  resolved "https://registry.yarnpkg.com/json5/-/json5-2.2.3.tgz#78cd6f1a19bdc12b73db5ad0c61efd66c1e29283"
  integrity sha512-XmOWe7eyHYH14cLdVPoyg+GOH3rYX++KpzrylJwSW98t3Nk+U8XOl8FWKOgwtzdb8lXGf6zYwDUzeHMWfxasyg==

make-error@^1.1.1:
  version "1.3.6"
  resolved "https://registry.yarnpkg.com/make-error/-/make-error-1.3.6.tgz#2eb2e37ea9b67c4891f684a1394799af484cf7a2"
  integrity sha512-s8UhlNe7vPKomQhC1qFelMokr/Sc3AgNbso3n74mVPA5LTZwkB9NlXf4XPamLxJE8h0gh73rM94xvwRT2CVInw==

max-array-length@^1.0.0:
  version "1.0.0"
  resolved "https://registry.yarnpkg.com/max-array-length/-/max-array-length-1.0.0.tgz#0e64f5da5deb47bcdaaab47160d66e9f26ed4631"
  integrity sha512-LoN7jKHokSYrSytV/auhMfVNZplvI7olzzoTNW/Zz+UE7bT7mlwJ8uBnQO3biz0aMlu0b31/A7WuN3nT8iCosg==

max-safe-int@^1.0.0:
  version "1.0.0"
  resolved "https://registry.yarnpkg.com/max-safe-int/-/max-safe-int-1.0.0.tgz#44fba8ec993ded91fb2c5a35e71cf9c9f369ce52"
  integrity sha512-Rmc9S+xr1IwnktrDAbR4+7Nh9RTzvJ83A1R4WVKPZCwd7Qo5mc/u8qBoC+T4hskmBDByg72vHgHjB1GcLwEEgw==

minimist@^1.2.6:
  version "1.2.8"
  resolved "https://registry.yarnpkg.com/minimist/-/minimist-1.2.8.tgz#c1a464e7693302e082a075cee0c057741ac4772c"
  integrity sha512-2yyAR8qBkN3YuheJanUpWC5U3bb5osDywNB8RzDVlDwDHbocAJveqqj1u8+SVD7jkWT4yvsHCpWqqWqAxb0zCA==

pick-item@^1.0.4:
  version "1.0.4"
  resolved "https://registry.yarnpkg.com/pick-item/-/pick-item-1.0.4.tgz#0e06cafdb9b81eee1a93bce0df2dce604c9e9015"
  integrity sha512-SKx0hrhizZ2TAyvw8FBhEBQUhuzxPFRBZwSFhYZpxXs6AFOt4x5/hB+vudx10+Ilw3rr3QcF+KlkewkN1BjlPA==
  dependencies:
    is-array-like "^1.1.0"
    random-index "^1.0.4"

prisma@^4.11.0:
  version "4.11.0"
  resolved "https://registry.yarnpkg.com/prisma/-/prisma-4.11.0.tgz#9695ba4129a43eab3e76b5f7a033c6c020377725"
  integrity sha512-4zZmBXssPUEiX+GeL0MUq/Yyie4ltiKmGu7jCJFnYMamNrrulTBc+D+QwAQSJ01tyzeGHlD13kOnqPwRipnlNw==
  dependencies:
    "@prisma/engines" "4.11.0"

random-char@^1.0.4:
  version "1.0.4"
  resolved "https://registry.yarnpkg.com/random-char/-/random-char-1.0.4.tgz#5fe2c95134cafcc5d7bc8f46831dc36fdbbd5c66"
  integrity sha512-kSvxo/8fIAlRJW/FB1dT3LDGADsbS+qD7AxYQJTgNDQ6w3Gumtfu+YphQGXK8ZtxKXO7mR8MqbckpBf8oywcvg==
  dependencies:
    is-nil "^1.0.1"
    is-object "^1.0.1"
    random-natural "^1.0.3"
    to-str "^1.0.0"

random-domains@1.0.3:
  version "1.0.3"
  resolved "https://registry.yarnpkg.com/random-domains/-/random-domains-1.0.3.tgz#116826525762863d6c1ba534c079073f4751ac0a"
  integrity sha512-TM9oTUgrPbmxF/AtQZax148cWkK+8MxgImZGI0nBYDAPgtB2oNEM1mLHStj2p7aEtYzTOBxAdkc4hYD7lp/b4w==
  dependencies:
    clamp "^1.0.1"
    random-lorem "^1.0.3"
    random-tld "^1.0.2"
    to-length "^1.0.1"
    to-str "^1.0.0"

random-email@^1.0.3:
  version "1.0.3"
  resolved "https://registry.yarnpkg.com/random-email/-/random-email-1.0.3.tgz#477b795dc730ab42e2be842007099415688e8b18"
  integrity sha512-Ixv+d8sm8uDLM/YwrBi40z9/ocb8LYl4E8HDgr0YEMVM99Qsx8/DcJBSrtqs6filDcuciJshjuGdEYVR0xYFRQ==
  dependencies:
    random-domains "1.0.3"
    random-lorem "^1.0.4"
    to-str "^1.0.0"

random-index@^1.0.4:
  version "1.0.4"
  resolved "https://registry.yarnpkg.com/random-index/-/random-index-1.0.4.tgz#54c0d1ed7c7fc43683fc88d64b7713bdf5b4e61d"
  integrity sha512-CH+/AYc8E+We37g1CtND9G6mbqcYGU+8jDoKYFjXBgAJvSZ9goxWqeI/plx7jlShkULUk8Si8HfNJTJd67BaPg==
  dependencies:
    max-array-length "^1.0.0"
    random-natural "^1.0.3"

random-integral@^1.0.3:
  version "1.0.3"
  resolved "https://registry.yarnpkg.com/random-integral/-/random-integral-1.0.3.tgz#8ff3c117565c9a04b66ddd559f3aed29bd0f0f6c"
  integrity sha512-MgWqgQqlHWGj5LExW2EoP4EtJty6uGNszlHdMuAox/yLVixpjEQIAyluW2CH9Nrxt0hE7fklFqYM0JFELSWpvw==
  dependencies:
    clamp "^1.0.1"
    max-safe-int "^1.0.0"
    to-integer "^1.0.1"

random-lorem@^1.0.3, random-lorem@^1.0.4:
  version "1.0.4"
  resolved "https://registry.yarnpkg.com/random-lorem/-/random-lorem-1.0.4.tgz#fd41444537954bb5c333b3c8efa830d465586152"
  integrity sha512-AphHHqlYSjoc0nXOiraL1U24odLkVSKKLSf87U2J/TV8+qCfJZDJ9prGnu9KH0HPZZy/H0c1/Zk6+xrTcPeiGA==
  dependencies:
    clamp "^1.0.1"
    random-char "^1.0.4"
    random-natural "^1.0.3"
    random-syllable "^1.0.1"

random-natural@^1.0.3:
  version "1.0.3"
  resolved "https://registry.yarnpkg.com/random-natural/-/random-natural-1.0.3.tgz#ef28615b03c2cb71aaebf7f24f487266a443c5c0"
  integrity sha512-Mw78ZGZ3lKO5K2XUxv4dXQudnBu9oTVHRFutqbfy+thZem41a+hFMD6egzQNHj3Kbee9fM8RGnryHyyip/mmbw==
  dependencies:
    max-safe-int "^1.0.0"
    random-integral "^1.0.3"

random-syllable@^1.0.1:
  version "1.0.1"
  resolved "https://registry.yarnpkg.com/random-syllable/-/random-syllable-1.0.1.tgz#5499fbba872b8bf52aad4341c3ec318dbb3c49f6"
  integrity sha512-X/i6uCPfVD2RklQDblV59zZNvPpXKRC6DGHyS9GNwm0bQ1bAzBA/7Rjp0QumP2v6vlqGfAstKMeDgOnQUg48kA==
  dependencies:
    clamp "^1.0.1"
    is-object "^1.0.1"
    random-char "^1.0.4"
    random-natural "^1.0.3"
    to-integer "^1.0.1"

random-tld@^1.0.2:
  version "1.0.2"
  resolved "https://registry.yarnpkg.com/random-tld/-/random-tld-1.0.2.tgz#081f38aa889ffdbcdb09635783daec6d115f11a9"
  integrity sha512-4oFq9OjRXrin5c0C4QkK47/7BF81zVeHgp0lQeg1Q3k3ZNjRN6kjZY59GY+W2In7ISRy0zf1mpEHopmt2qDdbg==
  dependencies:
    pick-item "^1.0.4"
    tld-list "1.0.0"

strip-bom@^3.0.0:
  version "3.0.0"
  resolved "https://registry.yarnpkg.com/strip-bom/-/strip-bom-3.0.0.tgz#2334c18e9c759f7bdd56fdef7e9ae3d588e68ed3"
  integrity sha512-vavAMRXOgBVNF6nyEEmL3DBK19iRpDcoIwW+swQ+CbGiu7lju6t+JklA1MHweoWtadgt4ISVUsXLyDq34ddcwA==

tld-list@1.0.0:
  version "1.0.0"
  resolved "https://registry.yarnpkg.com/tld-list/-/tld-list-1.0.0.tgz#7173ee7592b2b01b3cdca1758d54a12729928a2b"
  integrity sha512-9bbYrHCEM760GQKvDnfVatQWY/X5Rg870WeQd92XuVPAMsUNFV4dRFAAbVd2uHIDA2bPn1AtVB8XTXwtl6tn0g==

to-integer@^1.0.0, to-integer@^1.0.1:
  version "1.0.1"
  resolved "https://registry.yarnpkg.com/to-integer/-/to-integer-1.0.1.tgz#511ad41dce6a93730a8f3b6e35a164fd829464da"
  integrity sha512-mv4Nwp8Y28xLp1rdYgnlV4NqYBn23lIitU2fqCtyrLXlwsC6th3Aq37JRe7qfuROMJv66kAZG8V9NR1HIgwOUg==
  dependencies:
    is-function "^1.0.1"
    is-nil "^1.0.0"
    is-object "^1.0.1"
    is-symbol "^1.0.1"

to-length@^1.0.1:
  version "1.0.1"
  resolved "https://registry.yarnpkg.com/to-length/-/to-length-1.0.1.tgz#b8ae498c8a07fd053ee7c70789a60c0f3d03a4b5"
  integrity sha512-OAj+hE0FfPzTsGVMD3XwZx8Hyit0Df7x+0psmhfQQrMu//bFtaNShmviA3ENLx6D7o0H487yFIXDdxCGDydwig==
  dependencies:
    to-integer "^1.0.0"

to-str@^1.0.0:
  version "1.0.0"
  resolved "https://registry.yarnpkg.com/to-str/-/to-str-1.0.0.tgz#9034248f56f439804c1fd45a3cbe8195ecb608f1"
  integrity sha512-UETUWfNiPKGvdZ2nAmiTTmv583SivKIHB10J0qQQgfkWvSQXKtPeF+On7pejMaD2rqTIFWgXz25dPyzABAgIHw==
  dependencies:
    is-function "^1.0.1"
    is-nil "^1.0.0"
    is-object "^1.0.1"
    is-symbol "^1.0.1"

ts-node@^10.9.1:
  version "10.9.1"
  resolved "https://registry.yarnpkg.com/ts-node/-/ts-node-10.9.1.tgz#e73de9102958af9e1f0b168a6ff320e25adcff4b"
  integrity sha512-NtVysVPkxxrwFGUUxGYhfux8k78pQB3JqYBXlLRZgdGUqTO5wU/UyHop5p70iEbGhB7q5KmiZiU0Y3KlJrScEw==
  dependencies:
    "@cspotcode/source-map-support" "^0.8.0"
    "@tsconfig/node10" "^1.0.7"
    "@tsconfig/node12" "^1.0.7"
    "@tsconfig/node14" "^1.0.0"
    "@tsconfig/node16" "^1.0.2"
    acorn "^8.4.1"
    acorn-walk "^8.1.1"
    arg "^4.1.0"
    create-require "^1.1.0"
    diff "^4.0.1"
    make-error "^1.1.1"
    v8-compile-cache-lib "^3.0.1"
    yn "3.1.1"

tsconfig-paths@^4.1.2:
  version "4.1.2"
  resolved "https://registry.yarnpkg.com/tsconfig-paths/-/tsconfig-paths-4.1.2.tgz#4819f861eef82e6da52fb4af1e8c930a39ed979a"
  integrity sha512-uhxiMgnXQp1IR622dUXI+9Ehnws7i/y6xvpZB9IbUVOPy0muvdvgXeZOn88UcGPiT98Vp3rJPTa8bFoalZ3Qhw==
  dependencies:
    json5 "^2.2.2"
    minimist "^1.2.6"
    strip-bom "^3.0.0"

typescript@^4.9.5:
  version "4.9.5"
  resolved "https://registry.yarnpkg.com/typescript/-/typescript-4.9.5.tgz#095979f9bcc0d09da324d58d03ce8f8374cbe65a"
  integrity sha512-1FXk9E2Hm+QzZQ7z+McJiHL4NW1F2EzMu9Nq9i3zAaGqibafqYwCVU6WyWAuyQRRzOlxou8xZSyXLEN8oKj24g==

v8-compile-cache-lib@^3.0.1:
  version "3.0.1"
  resolved "https://registry.yarnpkg.com/v8-compile-cache-lib/-/v8-compile-cache-lib-3.0.1.tgz#6336e8d71965cb3d35a1bbb7868445a7c05264bf"
  integrity sha512-wa7YjyUGfNZngI/vtK0UHAN+lgDCxBPCylVXGp0zu59Fz5aiGtNXaq3DhIov063MorB+VfufLh3JlF2KdTK3xg==

yn@3.1.1:
  version "3.1.1"
  resolved "https://registry.yarnpkg.com/yn/-/yn-3.1.1.tgz#1e87401a09d767c1d5eab26a6e4c185182d2eb50"
  integrity sha512-Ux4ygGWsu2c7isFWe8Yu1YluJmqVhxqK2cLXNQA5AcC3QfbGNpM7fu0Y8b/z16pXLnFxZYvWhd3fhBY9DLmC6Q==
